
Microsoft Visual Studio Solution File, Format Version 12.00
# Visual Studio 2013
VisualStudioVersion = 12.0.21005.1
MinimumVisualStudioVersion = 10.0.40219.1
Project("{FAE04EC0-301F-11D3-BF4B-00C04F79EFBC}") = "Multiple3", "Multiple3\Multiple3.csproj", "{CEF5C8BF-E046-4BBC-AF3A-E62F15103DCA}"
EndProject
Global
	GlobalSection(SolutionConfigurationPlatforms) = preSolution
		Debug|Any CPU = Debug|Any CPU
		Release|Any CPU = Release|Any CPU
	EndGlobalSection
	GlobalSection(ProjectConfigurationPlatforms) = postSolution
		{CEF5C8BF-E046-4BBC-AF3A-E62F15103DCA}.Debug|Any CPU.ActiveCfg = Debug|Any CPU
		{CEF5C8BF-E046-4BBC-AF3A-E62F15103DCA}.Debug|Any CPU.Build.0 = Debug|Any CPU
		{CEF5C8BF-E046-4BBC-AF3A-E62F15103DCA}.Release|Any CPU.ActiveCfg = Release|Any CPU
		{CEF5C8BF-E046-4BBC-AF3A-E62F15103DCA}.Release|Any CPU.Build.0 = Release|Any CPU
	EndGlobalSection
	GlobalSection(SolutionProperties) = preSolution
		HideSolutionNode = FALSE
	EndGlobalSection
EndGlobal
